
Microsoft Visual Studio Solution File, Format Version 12.00
Project("{FAE04EC0-301F-11D3-BF4B-00C04F79EFBC}") = "Panda.NuGet.BillbeeClient", "Panda.NuGet.BillbeeClient\Panda.NuGet.BillbeeClient.csproj", "{A997B125-E7C7-40CA-82EE-7E20E562199A}"
EndProject
Global
	GlobalSection(SolutionConfigurationPlatforms) = preSolution
		Debug|Any CPU = Debug|Any CPU
		Release|Any CPU = Release|Any CPU
	EndGlobalSection
	GlobalSection(ProjectConfigurationPlatforms) = postSolution
		{A997B125-E7C7-40CA-82EE-7E20E562199A}.Debug|Any CPU.ActiveCfg = Debug|Any CPU
		{A997B125-E7C7-40CA-82EE-7E20E562199A}.Debug|Any CPU.Build.0 = Debug|Any CPU
		{A997B125-E7C7-40CA-82EE-7E20E562199A}.Release|Any CPU.ActiveCfg = Release|Any CPU
		{A997B125-E7C7-40CA-82EE-7E20E562199A}.Release|Any CPU.Build.0 = Release|Any CPU
	EndGlobalSection
EndGlobal
